Microsoft Visual Studio Solution File, Format Version 12.00
# Visual Studio Version 17
VisualStudioVersion = 17.5.2.0
MinimumVisualStudioVersion = 10.0.40219.1
Project("{2150E333-8FDC-42A3-9474-1A3956D46DE8}") = "Flyweight", "Flyweight", "{8DB7E26F-772B-97FE-A958-FEA60A4DD86B}"
EndProject
Project("{FAE04EC0-301F-11D3-BF4B-00C04F79EFBC}") = "Flyweight", "Flyweight\Flyweight\Flyweight.csproj", "{6CDFF000-8CD1-1E29-0F74-111382706842}"
EndProject
Global
	GlobalSection(SolutionConfigurationPlatforms) = preSolution
		Debug|Any CPU = Debug|Any CPU
		Release|Any CPU = Release|Any CPU
	EndGlobalSection
	GlobalSection(ProjectConfigurationPlatforms) = postSolution
		{6CDFF000-8CD1-1E29-0F74-111382706842}.Debug|Any CPU.ActiveCfg = Debug|Any CPU
		{6CDFF000-8CD1-1E29-0F74-111382706842}.Debug|Any CPU.Build.0 = Debug|Any CPU
		{6CDFF000-8CD1-1E29-0F74-111382706842}.Release|Any CPU.ActiveCfg = Release|Any CPU
		{6CDFF000-8CD1-1E29-0F74-111382706842}.Release|Any CPU.Build.0 = Release|Any CPU
	EndGlobalSection
	GlobalSection(SolutionProperties) = preSolution
		HideSolutionNode = FALSE
	EndGlobalSection
	GlobalSection(NestedProjects) = preSolution
		{6CDFF000-8CD1-1E29-0F74-111382706842} = {8DB7E26F-772B-97FE-A958-FEA60A4DD86B}
	EndGlobalSection
	GlobalSection(ExtensibilityGlobals) = postSolution
		SolutionGuid = {618DEEC4-E196-43A7-A3BE-6BCEB133CF0B}
	EndGlobalSection
EndGlobal
